// !$*UTF8*$!
{
	archiveVersion = 1;
	classes = {
	};
	objectVersion = 56;
	objects = {

/* Begin PBXBuildFile section */
		1E4BA8B4C7ABBFDD334B6BEE /* Pods_DiplomProject.framework in Frameworks */ = {isa = PBXBuildFile; fileRef = 82666C0AD362BF2983EDD3C4 /* Pods_DiplomProject.framework */; };
		4025632129986C31000B6036 /* Listener.swift in Sources */ = {isa = PBXBuildFile; fileRef = 4025632029986C30000B6036 /* Listener.swift */; };
		40256371299C4DAD000B6036 /* AddTransactionViewControllerView.swift in Sources */ = {isa = PBXBuildFile; fileRef = 40256370299C4DAD000B6036 /* AddTransactionViewControllerView.swift */; };
		40256374299C515F000B6036 /* ViewControllerExtension.swift in Sources */ = {isa = PBXBuildFile; fileRef = 40256373299C515F000B6036 /* ViewControllerExtension.swift */; };
		405448AB29B2141000143F4F /* DebtViewController.swift in Sources */ = {isa = PBXBuildFile; fileRef = 405448AA29B2141000143F4F /* DebtViewController.swift */; };
		405448AD29B2143300143F4F /* DebtViewModel.swift in Sources */ = {isa = PBXBuildFile; fileRef = 405448AC29B2143300143F4F /* DebtViewModel.swift */; };
		405448AF29B2147000143F4F /* DebtViewControllerView.swift in Sources */ = {isa = PBXBuildFile; fileRef = 405448AE29B2147000143F4F /* DebtViewControllerView.swift */; };
		405448B229B2176A00143F4F /* AnalyticsViewModel.swift in Sources */ = {isa = PBXBuildFile; fileRef = 405448B129B2176A00143F4F /* AnalyticsViewModel.swift */; };
		405448B429B2177200143F4F /* AnalyticsViewController.swift in Sources */ = {isa = PBXBuildFile; fileRef = 405448B329B2177200143F4F /* AnalyticsViewController.swift */; };
		405448B629B2177D00143F4F /* AnalyticsViewControllerView.swift in Sources */ = {isa = PBXBuildFile; fileRef = 405448B529B2177D00143F4F /* AnalyticsViewControllerView.swift */; };
		40A9F94F29B02BE100967122 /* EmptyView.swift in Sources */ = {isa = PBXBuildFile; fileRef = 40A9F94E29B02BE100967122 /* EmptyView.swift */; };
		40C960F8299D713E004F8963 /* RealmManager.swift in Sources */ = {isa = PBXBuildFile; fileRef = 40C960F7299D713E004F8963 /* RealmManager.swift */; };
		40C960FA299D717B004F8963 /* UserDefaults.swift in Sources */ = {isa = PBXBuildFile; fileRef = 40C960F9299D717B004F8963 /* UserDefaults.swift */; };
		40C960FC299D71A1004F8963 /* Models.swift in Sources */ = {isa = PBXBuildFile; fileRef = 40C960FB299D71A1004F8963 /* Models.swift */; };
		40C960FF299D78DE004F8963 /* SelectedAccountViewModel.swift in Sources */ = {isa = PBXBuildFile; fileRef = 40C960FE299D78DE004F8963 /* SelectedAccountViewModel.swift */; };
		40C96101299D78F7004F8963 /* SelectedAccountViewController.swift in Sources */ = {isa = PBXBuildFile; fileRef = 40C96100299D78F7004F8963 /* SelectedAccountViewController.swift */; };
		40C96104299D7A2C004F8963 /* SelectedCell.swift in Sources */ = {isa = PBXBuildFile; fileRef = 40C96103299D7A2C004F8963 /* SelectedCell.swift */; };
		40D50C4829B1627C00625F43 /* SettingsViewModel.swift in Sources */ = {isa = PBXBuildFile; fileRef = 40D50C4729B1627C00625F43 /* SettingsViewModel.swift */; };
		40D50C4A29B1628900625F43 /* SettingsViewController.swift in Sources */ = {isa = PBXBuildFile; fileRef = 40D50C4929B1628900625F43 /* SettingsViewController.swift */; };
		40D50C4C29B1629900625F43 /* SettingsViewControllerView.swift in Sources */ = {isa = PBXBuildFile; fileRef = 40D50C4B29B1629900625F43 /* SettingsViewControllerView.swift */; };
		40D50C4F29B167FA00625F43 /* Enums.swift in Sources */ = {isa = PBXBuildFile; fileRef = 40D50C4E29B167FA00625F43 /* Enums.swift */; };
		40D50C5229B1724900625F43 /* SettingCell.swift in Sources */ = {isa = PBXBuildFile; fileRef = 40D50C5129B1724900625F43 /* SettingCell.swift */; };
		40E1300529A06B2B00D2A366 /* WalletViewControllerView.swift in Sources */ = {isa = PBXBuildFile; fileRef = 40E1300429A06B2B00D2A366 /* WalletViewControllerView.swift */; };
		40E1300829A07E4300D2A366 /* AccountInfoViewController.swift in Sources */ = {isa = PBXBuildFile; fileRef = 40E1300729A07E4300D2A366 /* AccountInfoViewController.swift */; };
		40E1300A29A07E6F00D2A366 /* AccountInfoViewControllerView.swift in Sources */ = {isa = PBXBuildFile; fileRef = 40E1300929A07E6F00D2A366 /* AccountInfoViewControllerView.swift */; };
		40E1300C29A07E9900D2A366 /* AccountInfoViewModel.swift in Sources */ = {isa = PBXBuildFile; fileRef = 40E1300B29A07E9900D2A366 /* AccountInfoViewModel.swift */; };
		40E1300E29A0860200D2A366 /* CreateEditAccountViewController.swift in Sources */ = {isa = PBXBuildFile; fileRef = 40E1300D29A0860200D2A366 /* CreateEditAccountViewController.swift */; };
		40E1301129A0864300D2A366 /* CreateEditAccountViewControllerView.swift in Sources */ = {isa = PBXBuildFile; fileRef = 40E1301029A0864300D2A366 /* CreateEditAccountViewControllerView.swift */; };
		40E1301329A0866D00D2A366 /* CreateEditViewModel.swift in Sources */ = {isa = PBXBuildFile; fileRef = 40E1301229A0866D00D2A366 /* CreateEditViewModel.swift */; };
		40ED78BA29967A1E00EF36FF /* AppDelegate.swift in Sources */ = {isa = PBXBuildFile; fileRef = 40ED78B929967A1E00EF36FF /* AppDelegate.swift */; };
		40ED78BC29967A1E00EF36FF /* SceneDelegate.swift in Sources */ = {isa = PBXBuildFile; fileRef = 40ED78BB29967A1E00EF36FF /* SceneDelegate.swift */; };
		40ED78C129967A1E00EF36FF /* Main.storyboard in Resources */ = {isa = PBXBuildFile; fileRef = 40ED78BF29967A1E00EF36FF /* Main.storyboard */; };
		40ED78C329967A1F00EF36FF /* Assets.xcassets in Resources */ = {isa = PBXBuildFile; fileRef = 40ED78C229967A1F00EF36FF /* Assets.xcassets */; };
		40ED78C629967A1F00EF36FF /* LaunchScreen.storyboard in Resources */ = {isa = PBXBuildFile; fileRef = 40ED78C429967A1F00EF36FF /* LaunchScreen.storyboard */; };
		40ED78D129967AF300EF36FF /* TabBarControllerView.swift in Sources */ = {isa = PBXBuildFile; fileRef = 40ED78D029967AF300EF36FF /* TabBarControllerView.swift */; };
		40ED78D329967B0800EF36FF /* TabBarViewModel.swift in Sources */ = {isa = PBXBuildFile; fileRef = 40ED78D229967B0800EF36FF /* TabBarViewModel.swift */; };
		40ED78D629967D0500EF36FF /* AddTransactionViewController.swift in Sources */ = {isa = PBXBuildFile; fileRef = 40ED78D529967D0500EF36FF /* AddTransactionViewController.swift */; };
		40ED78D829967D1700EF36FF /* AddTransactionViewModel.swift in Sources */ = {isa = PBXBuildFile; fileRef = 40ED78D729967D1700EF36FF /* AddTransactionViewModel.swift */; };
		40ED78DA29967D8900EF36FF /* WalletViewController.swift in Sources */ = {isa = PBXBuildFile; fileRef = 40ED78D929967D8900EF36FF /* WalletViewController.swift */; };
		40ED78DC29967D9900EF36FF /* WalletViewModel.swift in Sources */ = {isa = PBXBuildFile; fileRef = 40ED78DB29967D9900EF36FF /* WalletViewModel.swift */; };
/* End PBXBuildFile section */

/* Begin PBXFileReference section */
		0D22220D1061987A6C7D6BC1 /* Pods-DiplomProject.debug.xcconfig */ = {isa = PBXFileReference; includeInIndex = 1; lastKnownFileType = text.xcconfig; name = "Pods-DiplomProject.debug.xcconfig"; path = "Target Support Files/Pods-DiplomProject/Pods-DiplomProject.debug.xcconfig"; sourceTree = "<group>"; };
		1BCEA3B9967B63D600993E87 /* Pods-DiplomProject.release.xcconfig */ = {isa = PBXFileReference; includeInIndex = 1; lastKnownFileType = text.xcconfig; name = "Pods-DiplomProject.release.xcconfig"; path = "Target Support Files/Pods-DiplomProject/Pods-DiplomProject.release.xcconfig"; sourceTree = "<group>"; };
		4025632029986C30000B6036 /* Listener.swift */ = {isa = PBXFileReference; lastKnownFileType = sourcecode.swift; path = Listener.swift; sourceTree = "<group>"; };
		40256370299C4DAD000B6036 /* AddTransactionViewControllerView.swift */ = {isa = PBXFileReference; lastKnownFileType = sourcecode.swift; path = AddTransactionViewControllerView.swift; sourceTree = "<group>"; };
		40256373299C515F000B6036 /* ViewControllerExtension.swift */ = {isa = PBXFileReference; lastKnownFileType = sourcecode.swift; path = ViewControllerExtension.swift; sourceTree = "<group>"; };
		405448AA29B2141000143F4F /* DebtViewController.swift */ = {isa = PBXFileReference; lastKnownFileType = sourcecode.swift; path = DebtViewController.swift; sourceTree = "<group>"; };
		405448AC29B2143300143F4F /* DebtViewModel.swift */ = {isa = PBXFileReference; lastKnownFileType = sourcecode.swift; path = DebtViewModel.swift; sourceTree = "<group>"; };
		405448AE29B2147000143F4F /* DebtViewControllerView.swift */ = {isa = PBXFileReference; lastKnownFileType = sourcecode.swift; path = DebtViewControllerView.swift; sourceTree = "<group>"; };
		405448B129B2176A00143F4F /* AnalyticsViewModel.swift */ = {isa = PBXFileReference; lastKnownFileType = sourcecode.swift; path = AnalyticsViewModel.swift; sourceTree = "<group>"; };
		405448B329B2177200143F4F /* AnalyticsViewController.swift */ = {isa = PBXFileReference; lastKnownFileType = sourcecode.swift; path = AnalyticsViewController.swift; sourceTree = "<group>"; };
		405448B529B2177D00143F4F /* AnalyticsViewControllerView.swift */ = {isa = PBXFileReference; lastKnownFileType = sourcecode.swift; path = AnalyticsViewControllerView.swift; sourceTree = "<group>"; };
		40A9F94E29B02BE100967122 /* EmptyView.swift */ = {isa = PBXFileReference; lastKnownFileType = sourcecode.swift; path = EmptyView.swift; sourceTree = "<group>"; };
		40C960F7299D713E004F8963 /* RealmManager.swift */ = {isa = PBXFileReference; lastKnownFileType = sourcecode.swift; path = RealmManager.swift; sourceTree = "<group>"; };
		40C960F9299D717B004F8963 /* UserDefaults.swift */ = {isa = PBXFileReference; lastKnownFileType = sourcecode.swift; path = UserDefaults.swift; sourceTree = "<group>"; };
		40C960FB299D71A1004F8963 /* Models.swift */ = {isa = PBXFileReference; lastKnownFileType = sourcecode.swift; path = Models.swift; sourceTree = "<group>"; };
		40C960FE299D78DE004F8963 /* SelectedAccountViewModel.swift */ = {isa = PBXFileReference; lastKnownFileType = sourcecode.swift; path = SelectedAccountViewModel.swift; sourceTree = "<group>"; };
		40C96100299D78F7004F8963 /* SelectedAccountViewController.swift */ = {isa = PBXFileReference; lastKnownFileType = sourcecode.swift; path = SelectedAccountViewController.swift; sourceTree = "<group>"; };
		40C96103299D7A2C004F8963 /* SelectedCell.swift */ = {isa = PBXFileReference; lastKnownFileType = sourcecode.swift; path = SelectedCell.swift; sourceTree = "<group>"; };
		40D50C4729B1627C00625F43 /* SettingsViewModel.swift */ = {isa = PBXFileReference; lastKnownFileType = sourcecode.swift; path = SettingsViewModel.swift; sourceTree = "<group>"; };
		40D50C4929B1628900625F43 /* SettingsViewController.swift */ = {isa = PBXFileReference; lastKnownFileType = sourcecode.swift; path = SettingsViewController.swift; sourceTree = "<group>"; };
		40D50C4B29B1629900625F43 /* SettingsViewControllerView.swift */ = {isa = PBXFileReference; lastKnownFileType = sourcecode.swift; path = SettingsViewControllerView.swift; sourceTree = "<group>"; };
		40D50C4E29B167FA00625F43 /* Enums.swift */ = {isa = PBXFileReference; lastKnownFileType = sourcecode.swift; path = Enums.swift; sourceTree = "<group>"; };
		40D50C5129B1724900625F43 /* SettingCell.swift */ = {isa = PBXFileReference; lastKnownFileType = sourcecode.swift; path = SettingCell.swift; sourceTree = "<group>"; };
		40E1300429A06B2B00D2A366 /* WalletViewControllerView.swift */ = {isa = PBXFileReference; lastKnownFileType = sourcecode.swift; path = WalletViewControllerView.swift; sourceTree = "<group>"; };
		40E1300729A07E4300D2A366 /* AccountInfoViewController.swift */ = {isa = PBXFileReference; lastKnownFileType = sourcecode.swift; path = AccountInfoViewController.swift; sourceTree = "<group>"; };
		40E1300929A07E6F00D2A366 /* AccountInfoViewControllerView.swift */ = {isa = PBXFileReference; lastKnownFileType = sourcecode.swift; path = AccountInfoViewControllerView.swift; sourceTree = "<group>"; };
		40E1300B29A07E9900D2A366 /* AccountInfoViewModel.swift */ = {isa = PBXFileReference; lastKnownFileType = sourcecode.swift; path = AccountInfoViewModel.swift; sourceTree = "<group>"; };
		40E1300D29A0860200D2A366 /* CreateEditAccountViewController.swift */ = {isa = PBXFileReference; lastKnownFileType = sourcecode.swift; path = CreateEditAccountViewController.swift; sourceTree = "<group>"; };
		40E1301029A0864300D2A366 /* CreateEditAccountViewControllerView.swift */ = {isa = PBXFileReference; lastKnownFileType = sourcecode.swift; path = CreateEditAccountViewControllerView.swift; sourceTree = "<group>"; };
		40E1301229A0866D00D2A366 /* CreateEditViewModel.swift */ = {isa = PBXFileReference; lastKnownFileType = sourcecode.swift; path = CreateEditViewModel.swift; sourceTree = "<group>"; };
		40ED78B629967A1E00EF36FF /* DiplomProject.app */ = {isa = PBXFileReference; explicitFileType = wrapper.application; includeInIndex = 0; path = DiplomProject.app; sourceTree = BUILT_PRODUCTS_DIR; };
		40ED78B929967A1E00EF36FF /* AppDelegate.swift */ = {isa = PBXFileReference; lastKnownFileType = sourcecode.swift; path = AppDelegate.swift; sourceTree = "<group>"; };
		40ED78BB29967A1E00EF36FF /* SceneDelegate.swift */ = {isa = PBXFileReference; lastKnownFileType = sourcecode.swift; path = SceneDelegate.swift; sourceTree = "<group>"; };
		40ED78C029967A1E00EF36FF /* Base */ = {isa = PBXFileReference; lastKnownFileType = file.storyboard; name = Base; path = Base.lproj/Main.storyboard; sourceTree = "<group>"; };
		40ED78C229967A1F00EF36FF /* Assets.xcassets */ = {isa = PBXFileReference; lastKnownFileType = folder.assetcatalog; path = Assets.xcassets; sourceTree = "<group>"; };
		40ED78C529967A1F00EF36FF /* Base */ = {isa = PBXFileReference; lastKnownFileType = file.storyboard; name = Base; path = Base.lproj/LaunchScreen.storyboard; sourceTree = "<group>"; };
		40ED78C729967A1F00EF36FF /* Info.plist */ = {isa = PBXFileReference; lastKnownFileType = text.plist.xml; path = Info.plist; sourceTree = "<group>"; };
		40ED78D029967AF300EF36FF /* TabBarControllerView.swift */ = {isa = PBXFileReference; lastKnownFileType = sourcecode.swift; path = TabBarControllerView.swift; sourceTree = "<group>"; };
		40ED78D229967B0800EF36FF /* TabBarViewModel.swift */ = {isa = PBXFileReference; lastKnownFileType = sourcecode.swift; path = TabBarViewModel.swift; sourceTree = "<group>"; };
		40ED78D529967D0500EF36FF /* AddTransactionViewController.swift */ = {isa = PBXFileReference; lastKnownFileType = sourcecode.swift; path = AddTransactionViewController.swift; sourceTree = "<group>"; };
		40ED78D729967D1700EF36FF /* AddTransactionViewModel.swift */ = {isa = PBXFileReference; lastKnownFileType = sourcecode.swift; path = AddTransactionViewModel.swift; sourceTree = "<group>"; };
		40ED78D929967D8900EF36FF /* WalletViewController.swift */ = {isa = PBXFileReference; lastKnownFileType = sourcecode.swift; path = WalletViewController.swift; sourceTree = "<group>"; };
		40ED78DB29967D9900EF36FF /* WalletViewModel.swift */ = {isa = PBXFileReference; lastKnownFileType = sourcecode.swift; path = WalletViewModel.swift; sourceTree = "<group>"; };
		82666C0AD362BF2983EDD3C4 /* Pods_DiplomProject.framework */ = {isa = PBXFileReference; explicitFileType = wrapper.framework; includeInIndex = 0; path = Pods_DiplomProject.framework; sourceTree = BUILT_PRODUCTS_DIR; };
/* End PBXFileReference section */

/* Begin PBXFrameworksBuildPhase section */
		40ED78B329967A1E00EF36FF /* Frameworks */ = {
			isa = PBXFrameworksBuildPhase;
			buildActionMask = 2147483647;
			files = (
				1E4BA8B4C7ABBFDD334B6BEE /* Pods_DiplomProject.framework in Frameworks */,
			);
			runOnlyForDeploymentPostprocessing = 0;
		};
/* End PBXFrameworksBuildPhase section */

/* Begin PBXGroup section */
		4025631F29986C22000B6036 /* Helpers */ = {
			isa = PBXGroup;
			children = (
				40C960F7299D713E004F8963 /* RealmManager.swift */,
				40C960F9299D717B004F8963 /* UserDefaults.swift */,
				4025632029986C30000B6036 /* Listener.swift */,
			);
			path = Helpers;
			sourceTree = "<group>";
		};
		40256372299C5138000B6036 /* Extensions */ = {
			isa = PBXGroup;
			children = (
				40256373299C515F000B6036 /* ViewControllerExtension.swift */,
			);
			path = Extensions;
			sourceTree = "<group>";
		};
		405448A929B213FA00143F4F /* DebtController */ = {
			isa = PBXGroup;
			children = (
				405448AC29B2143300143F4F /* DebtViewModel.swift */,
				405448AA29B2141000143F4F /* DebtViewController.swift */,
				405448AE29B2147000143F4F /* DebtViewControllerView.swift */,
			);
			path = DebtController;
			sourceTree = "<group>";
		};
		405448B029B2175400143F4F /* AnalyticsController */ = {
			isa = PBXGroup;
			children = (
				405448B129B2176A00143F4F /* AnalyticsViewModel.swift */,
				405448B329B2177200143F4F /* AnalyticsViewController.swift */,
				405448B529B2177D00143F4F /* AnalyticsViewControllerView.swift */,
			);
			path = AnalyticsController;
			sourceTree = "<group>";
		};
		40B0171B29AED22500787616 /* CustomElements */ = {
			isa = PBXGroup;
			children = (
				40B0171D29AED24600787616 /* EmptyView */,
			);
			path = CustomElements;
			sourceTree = "<group>";
		};
		40B0171D29AED24600787616 /* EmptyView */ = {
			isa = PBXGroup;
			children = (
				40A9F94E29B02BE100967122 /* EmptyView.swift */,
			);
			path = EmptyView;
			sourceTree = "<group>";
		};
		40C960F5299D7127004F8963 /* Models */ = {
			isa = PBXGroup;
			children = (
				40C960FB299D71A1004F8963 /* Models.swift */,
				40D50C4E29B167FA00625F43 /* Enums.swift */,
			);
			path = Models;
			sourceTree = "<group>";
		};
		40C960FD299D78C8004F8963 /* SelectAccountController */ = {
			isa = PBXGroup;
			children = (
				40C96102299D7A1F004F8963 /* SelectedCell */,
				40C960FE299D78DE004F8963 /* SelectedAccountViewModel.swift */,
				40C96100299D78F7004F8963 /* SelectedAccountViewController.swift */,
			);
			path = SelectAccountController;
			sourceTree = "<group>";
		};
		40C96102299D7A1F004F8963 /* SelectedCell */ = {
			isa = PBXGroup;
			children = (
				40C96103299D7A2C004F8963 /* SelectedCell.swift */,
			);
			path = SelectedCell;
			sourceTree = "<group>";
		};
		40D50C4D29B1629F00625F43 /* SettingsController */ = {
			isa = PBXGroup;
			children = (
				40D50C5029B1723900625F43 /* SettingCell */,
				40D50C4729B1627C00625F43 /* SettingsViewModel.swift */,
				40D50C4929B1628900625F43 /* SettingsViewController.swift */,
				40D50C4B29B1629900625F43 /* SettingsViewControllerView.swift */,
			);
			path = SettingsController;
			sourceTree = "<group>";
		};
		40D50C5029B1723900625F43 /* SettingCell */ = {
			isa = PBXGroup;
			children = (
				40D50C5129B1724900625F43 /* SettingCell.swift */,
			);
			path = SettingCell;
			sourceTree = "<group>";
		};
		40E1300629A07E2300D2A366 /* AccountInfoController */ = {
			isa = PBXGroup;
			children = (
				40E1300B29A07E9900D2A366 /* AccountInfoViewModel.swift */,
				40E1300729A07E4300D2A366 /* AccountInfoViewController.swift */,
				40E1300929A07E6F00D2A366 /* AccountInfoViewControllerView.swift */,
			);
			path = AccountInfoController;
			sourceTree = "<group>";
		};
		40E1300F29A0861900D2A366 /* CreateEditController */ = {
			isa = PBXGroup;
			children = (
				40E1301229A0866D00D2A366 /* CreateEditViewModel.swift */,
				40E1300D29A0860200D2A366 /* CreateEditAccountViewController.swift */,
				40E1301029A0864300D2A366 /* CreateEditAccountViewControllerView.swift */,
			);
			path = CreateEditController;
			sourceTree = "<group>";
		};
		40ED78AD29967A1E00EF36FF = {
			isa = PBXGroup;
			children = (
				40ED78B829967A1E00EF36FF /* DiplomProject */,
				40ED78B729967A1E00EF36FF /* Products */,
				62B7ABADE07E1B37B2760B61 /* Pods */,
				A83A662A8C9E5BAA5D1AFFEE /* Frameworks */,
			);
			sourceTree = "<group>";
		};
		40ED78B729967A1E00EF36FF /* Products */ = {
			isa = PBXGroup;
			children = (
				40ED78B629967A1E00EF36FF /* DiplomProject.app */,
			);
			name = Products;
			sourceTree = "<group>";
		};
		40ED78B829967A1E00EF36FF /* DiplomProject */ = {
			isa = PBXGroup;
			children = (
				40B0171B29AED22500787616 /* CustomElements */,
				40C960F5299D7127004F8963 /* Models */,
				40256372299C5138000B6036 /* Extensions */,
				4025631F29986C22000B6036 /* Helpers */,
				40ED78CE29967ABC00EF36FF /* Controllers */,
				40ED78BB29967A1E00EF36FF /* SceneDelegate.swift */,
				40ED78B929967A1E00EF36FF /* AppDelegate.swift */,
				40ED78C729967A1F00EF36FF /* Info.plist */,
				40ED78CD29967A9B00EF36FF /* Other */,
			);
			path = DiplomProject;
			sourceTree = "<group>";
		};
		40ED78CD29967A9B00EF36FF /* Other */ = {
			isa = PBXGroup;
			children = (
				40ED78BF29967A1E00EF36FF /* Main.storyboard */,
				40ED78C429967A1F00EF36FF /* LaunchScreen.storyboard */,
				40ED78C229967A1F00EF36FF /* Assets.xcassets */,
			);
			path = Other;
			sourceTree = "<group>";
		};
		40ED78CE29967ABC00EF36FF /* Controllers */ = {
			isa = PBXGroup;
			children = (
				40ED78CF29967AC400EF36FF /* TabBarController */,
				40ED78D429967CB200EF36FF /* AddTransactionController */,
				40ED78DD29967DAC00EF36FF /* WalletController */,
				40E1300629A07E2300D2A366 /* AccountInfoController */,
				40E1300F29A0861900D2A366 /* CreateEditController */,
				405448B029B2175400143F4F /* AnalyticsController */,
				405448A929B213FA00143F4F /* DebtController */,
				40D50C4D29B1629F00625F43 /* SettingsController */,
			);
			path = Controllers;
			sourceTree = "<group>";
		};
		40ED78CF29967AC400EF36FF /* TabBarController */ = {
			isa = PBXGroup;
			children = (
				40ED78D229967B0800EF36FF /* TabBarViewModel.swift */,
				40ED78D029967AF300EF36FF /* TabBarControllerView.swift */,
			);
			path = TabBarController;
			sourceTree = "<group>";
		};
		40ED78D429967CB200EF36FF /* AddTransactionController */ = {
			isa = PBXGroup;
			children = (
				40C960FD299D78C8004F8963 /* SelectAccountController */,
				40ED78D729967D1700EF36FF /* AddTransactionViewModel.swift */,
				40ED78D529967D0500EF36FF /* AddTransactionViewController.swift */,
				40256370299C4DAD000B6036 /* AddTransactionViewControllerView.swift */,
			);
			path = AddTransactionController;
			sourceTree = "<group>";
		};
		40ED78DD29967DAC00EF36FF /* WalletController */ = {
			isa = PBXGroup;
			children = (
				40ED78DB29967D9900EF36FF /* WalletViewModel.swift */,
				40ED78D929967D8900EF36FF /* WalletViewController.swift */,
				40E1300429A06B2B00D2A366 /* WalletViewControllerView.swift */,
			);
			path = WalletController;
			sourceTree = "<group>";
		};
		62B7ABADE07E1B37B2760B61 /* Pods */ = {
			isa = PBXGroup;
			children = (
				0D22220D1061987A6C7D6BC1 /* Pods-DiplomProject.debug.xcconfig */,
				1BCEA3B9967B63D600993E87 /* Pods-DiplomProject.release.xcconfig */,
			);
			path = Pods;
			sourceTree = "<group>";
		};
		A83A662A8C9E5BAA5D1AFFEE /* Frameworks */ = {
			isa = PBXGroup;
			children = (
				82666C0AD362BF2983EDD3C4 /* Pods_DiplomProject.framework */,
			);
			name = Frameworks;
			sourceTree = "<group>";
		};
/* End PBXGroup section */

/* Begin PBXNativeTarget section */
		40ED78B529967A1E00EF36FF /* DiplomProject */ = {
			isa = PBXNativeTarget;
			buildConfigurationList = 40ED78CA29967A1F00EF36FF /* Build configuration list for PBXNativeTarget "DiplomProject" */;
			buildPhases = (
				803EF24CC04C91F320C30554 /* [CP] Check Pods Manifest.lock */,
				40ED78B229967A1E00EF36FF /* Sources */,
				40ED78B329967A1E00EF36FF /* Frameworks */,
				40ED78B429967A1E00EF36FF /* Resources */,
				B6809BE060503991319C53F0 /* [CP] Embed Pods Frameworks */,
			);
			buildRules = (
			);
			dependencies = (
			);
			name = DiplomProject;
			productName = DiplomProject;
			productReference = 40ED78B629967A1E00EF36FF /* DiplomProject.app */;
			productType = "com.apple.product-type.application";
		};
/* End PBXNativeTarget section */

/* Begin PBXProject section */
		40ED78AE29967A1E00EF36FF /* Project object */ = {
			isa = PBXProject;
			attributes = {
				BuildIndependentTargetsInParallel = 1;
				LastSwiftUpdateCheck = 1420;
				LastUpgradeCheck = 1420;
				TargetAttributes = {
					40ED78B529967A1E00EF36FF = {
						CreatedOnToolsVersion = 14.2;
					};
				};
			};
			buildConfigurationList = 40ED78B129967A1E00EF36FF /* Build configuration list for PBXProject "DiplomProject" */;
			compatibilityVersion = "Xcode 14.0";
			developmentRegion = en;
			hasScannedForEncodings = 0;
			knownRegions = (
				en,
				Base,
			);
			mainGroup = 40ED78AD29967A1E00EF36FF;
			productRefGroup = 40ED78B729967A1E00EF36FF /* Products */;
			projectDirPath = "";
			projectRoot = "";
			targets = (
				40ED78B529967A1E00EF36FF /* DiplomProject */,
			);
		};
/* End PBXProject section */

/* Begin PBXResourcesBuildPhase section */
		40ED78B429967A1E00EF36FF /* Resources */ = {
			isa = PBXResourcesBuildPhase;
			buildActionMask = 2147483647;
			files = (
				40ED78C629967A1F00EF36FF /* LaunchScreen.storyboard in Resources */,
				40ED78C329967A1F00EF36FF /* Assets.xcassets in Resources */,
				40ED78C129967A1E00EF36FF /* Main.storyboard in Resources */,
			);
			runOnlyForDeploymentPostprocessing = 0;
		};
/* End PBXResourcesBuildPhase section */

/* Begin PBXShellScriptBuildPhase section */
		803EF24CC04C91F320C30554 /* [CP] Check Pods Manifest.lock */ = {
			isa = PBXShellScriptBuildPhase;
			buildActionMask = 2147483647;
			files = (
			);
			inputFileListPaths = (
			);
			inputPaths = (
				"${PODS_PODFILE_DIR_PATH}/Podfile.lock",
				"${PODS_ROOT}/Manifest.lock",
			);
			name = "[CP] Check Pods Manifest.lock";
			outputFileListPaths = (
			);
			outputPaths = (
				"$(DERIVED_FILE_DIR)/Pods-DiplomProject-checkManifestLockResult.txt",
			);
			runOnlyForDeploymentPostprocessing = 0;
			shellPath = /bin/sh;
			shellScript = "diff \"${PODS_PODFILE_DIR_PATH}/Podfile.lock\" \"${PODS_ROOT}/Manifest.lock\" > /dev/null\nif [ $? != 0 ] ; then\n    # print error to STDERR\n    echo \"error: The sandbox is not in sync with the Podfile.lock. Run 'pod install' or update your CocoaPods installation.\" >&2\n    exit 1\nfi\n# This output is used by Xcode 'outputs' to avoid re-running this script phase.\necho \"SUCCESS\" > \"${SCRIPT_OUTPUT_FILE_0}\"\n";
			showEnvVarsInLog = 0;
		};
		B6809BE060503991319C53F0 /* [CP] Embed Pods Frameworks */ = {
			isa = PBXShellScriptBuildPhase;
			buildActionMask = 2147483647;
			files = (
			);
			inputFileListPaths = (
				"${PODS_ROOT}/Target Support Files/Pods-DiplomProject/Pods-DiplomProject-frameworks-${CONFIGURATION}-input-files.xcfilelist",
			);
			name = "[CP] Embed Pods Frameworks";
			outputFileListPaths = (
				"${PODS_ROOT}/Target Support Files/Pods-DiplomProject/Pods-DiplomProject-frameworks-${CONFIGURATION}-output-files.xcfilelist",
			);
			runOnlyForDeploymentPostprocessing = 0;
			shellPath = /bin/sh;
			shellScript = "\"${PODS_ROOT}/Target Support Files/Pods-DiplomProject/Pods-DiplomProject-frameworks.sh\"\n";
			showEnvVarsInLog = 0;
		};
/* End PBXShellScriptBuildPhase section */

/* Begin PBXSourcesBuildPhase section */
		40ED78B229967A1E00EF36FF /* Sources */ = {
			isa = PBXSourcesBuildPhase;
			buildActionMask = 2147483647;
			files = (
				40ED78D629967D0500EF36FF /* AddTransactionViewController.swift in Sources */,
				4025632129986C31000B6036 /* Listener.swift in Sources */,
				405448B429B2177200143F4F /* AnalyticsViewController.swift in Sources */,
				40E1301129A0864300D2A366 /* CreateEditAccountViewControllerView.swift in Sources */,
				405448B229B2176A00143F4F /* AnalyticsViewModel.swift in Sources */,
				40E1300529A06B2B00D2A366 /* WalletViewControllerView.swift in Sources */,
				40ED78D829967D1700EF36FF /* AddTransactionViewModel.swift in Sources */,
				40E1300C29A07E9900D2A366 /* AccountInfoViewModel.swift in Sources */,
				40C960FF299D78DE004F8963 /* SelectedAccountViewModel.swift in Sources */,
				40ED78D329967B0800EF36FF /* TabBarViewModel.swift in Sources */,
				405448B629B2177D00143F4F /* AnalyticsViewControllerView.swift in Sources */,
				40D50C5229B1724900625F43 /* SettingCell.swift in Sources */,
				40D50C4C29B1629900625F43 /* SettingsViewControllerView.swift in Sources */,
				40C960FA299D717B004F8963 /* UserDefaults.swift in Sources */,
				40C96104299D7A2C004F8963 /* SelectedCell.swift in Sources */,
				40E1301329A0866D00D2A366 /* CreateEditViewModel.swift in Sources */,
				40ED78BA29967A1E00EF36FF /* AppDelegate.swift in Sources */,
				40C960F8299D713E004F8963 /* RealmManager.swift in Sources */,
				40ED78DA29967D8900EF36FF /* WalletViewController.swift in Sources */,
				40E1300E29A0860200D2A366 /* CreateEditAccountViewController.swift in Sources */,
				40256371299C4DAD000B6036 /* AddTransactionViewControllerView.swift in Sources */,
				40D50C4F29B167FA00625F43 /* Enums.swift in Sources */,
				40256374299C515F000B6036 /* ViewControllerExtension.swift in Sources */,
				40C96101299D78F7004F8963 /* SelectedAccountViewController.swift in Sources */,
				40ED78DC29967D9900EF36FF /* WalletViewModel.swift in Sources */,
				40ED78D129967AF300EF36FF /* TabBarControllerView.swift in Sources */,
				40E1300829A07E4300D2A366 /* AccountInfoViewController.swift in Sources */,
				405448AF29B2147000143F4F /* DebtViewControllerView.swift in Sources */,
				40D50C4829B1627C00625F43 /* SettingsViewModel.swift in Sources */,
				405448AD29B2143300143F4F /* DebtViewModel.swift in Sources */,
				40A9F94F29B02BE100967122 /* EmptyView.swift in Sources */,
				40E1300A29A07E6F00D2A366 /* AccountInfoViewControllerView.swift in Sources */,
				405448AB29B2141000143F4F /* DebtViewController.swift in Sources */,
				40ED78BC29967A1E00EF36FF /* SceneDelegate.swift in Sources */,
				40C960FC299D71A1004F8963 /* Models.swift in Sources */,
				40D50C4A29B1628900625F43 /* SettingsViewController.swift in Sources */,
			);
			runOnlyForDeploymentPostprocessing = 0;
		};
/* End PBXSourcesBuildPhase section */

/* Begin PBXVariantGroup section */
		40ED78BF29967A1E00EF36FF /* Main.storyboard */ = {
			isa = PBXVariantGroup;
			children = (
				40ED78C029967A1E00EF36FF /* Base */,
			);
			name = Main.storyboard;
			sourceTree = "<group>";
		};
		40ED78C429967A1F00EF36FF /* LaunchScreen.storyboard */ = {
			isa = PBXVariantGroup;
			children = (
				40ED78C529967A1F00EF36FF /* Base */,
			);
			name = LaunchScreen.storyboard;
			sourceTree = "<group>";
		};
/* End PBXVariantGroup section */

/* Begin XCBuildConfiguration section */
		40ED78C829967A1F00EF36FF /* Debug */ = {
			isa = XCBuildConfiguration;
			buildSettings = {
				ALWAYS_SEARCH_USER_PATHS = NO;
				CLANG_ANALYZER_NONNULL = YES;
				CLANG_ANALYZER_NUMBER_OBJECT_CONVERSION = YES_AGGRESSIVE;
				CLANG_CXX_LANGUAGE_STANDARD = "gnu++20";
				CLANG_ENABLE_MODULES = YES;
				CLANG_ENABLE_OBJC_ARC = YES;
				CLANG_ENABLE_OBJC_WEAK = YES;
				CLANG_WARN_BLOCK_CAPTURE_AUTORELEASING = YES;
				CLANG_WARN_BOOL_CONVERSION = YES;
				CLANG_WARN_COMMA = YES;
				CLANG_WARN_CONSTANT_CONVERSION = YES;
				CLANG_WARN_DEPRECATED_OBJC_IMPLEMENTATIONS = YES;
				CLANG_WARN_DIRECT_OBJC_ISA_USAGE = YES_ERROR;
				CLANG_WARN_DOCUMENTATION_COMMENTS = YES;
				CLANG_WARN_EMPTY_BODY = YES;
				CLANG_WARN_ENUM_CONVERSION = YES;
				CLANG_WARN_INFINITE_RECURSION = YES;
				CLANG_WARN_INT_CONVERSION = YES;
				CLANG_WARN_NON_LITERAL_NULL_CONVERSION = YES;
				CLANG_WARN_OBJC_IMPLICIT_RETAIN_SELF = YES;
				CLANG_WARN_OBJC_LITERAL_CONVERSION = YES;
				CLANG_WARN_OBJC_ROOT_CLASS = YES_ERROR;
				CLANG_WARN_QUOTED_INCLUDE_IN_FRAMEWORK_HEADER = YES;
				CLANG_WARN_RANGE_LOOP_ANALYSIS = YES;
				CLANG_WARN_STRICT_PROTOTYPES = YES;
				CLANG_WARN_SUSPICIOUS_MOVE = YES;
				CLANG_WARN_UNGUARDED_AVAILABILITY = YES_AGGRESSIVE;
				CLANG_WARN_UNREACHABLE_CODE = YES;
				CLANG_WARN__DUPLICATE_METHOD_MATCH = YES;
				COPY_PHASE_STRIP = NO;
				DEBUG_INFORMATION_FORMAT = dwarf;
				ENABLE_STRICT_OBJC_MSGSEND = YES;
				ENABLE_TESTABILITY = YES;
				GCC_C_LANGUAGE_STANDARD = gnu11;
				GCC_DYNAMIC_NO_PIC = NO;
				GCC_NO_COMMON_BLOCKS = YES;
				GCC_OPTIMIZATION_LEVEL = 0;
				GCC_PREPROCESSOR_DEFINITIONS = (
					"DEBUG=1",
					"$(inherited)",
				);
				GCC_WARN_64_TO_32_BIT_CONVERSION = YES;
				GCC_WARN_ABOUT_RETURN_TYPE = YES_ERROR;
				GCC_WARN_UNDECLARED_SELECTOR = YES;
				GCC_WARN_UNINITIALIZED_AUTOS = YES_AGGRESSIVE;
				GCC_WARN_UNUSED_FUNCTION = YES;
				GCC_WARN_UNUSED_VARIABLE = YES;
				IPHONEOS_DEPLOYMENT_TARGET = 16.2;
				MTL_ENABLE_DEBUG_INFO = INCLUDE_SOURCE;
				MTL_FAST_MATH = YES;
				ONLY_ACTIVE_ARCH = YES;
				SDKROOT = iphoneos;
				SWIFT_ACTIVE_COMPILATION_CONDITIONS = DEBUG;
				SWIFT_OPTIMIZATION_LEVEL = "-Onone";
			};
			name = Debug;
		};
		40ED78C929967A1F00EF36FF /* Release */ = {
			isa = XCBuildConfiguration;
			buildSettings = {
				ALWAYS_SEARCH_USER_PATHS = NO;
				CLANG_ANALYZER_NONNULL = YES;
				CLANG_ANALYZER_NUMBER_OBJECT_CONVERSION = YES_AGGRESSIVE;
				CLANG_CXX_LANGUAGE_STANDARD = "gnu++20";
				CLANG_ENABLE_MODULES = YES;
				CLANG_ENABLE_OBJC_ARC = YES;
				CLANG_ENABLE_OBJC_WEAK = YES;
				CLANG_WARN_BLOCK_CAPTURE_AUTORELEASING = YES;
				CLANG_WARN_BOOL_CONVERSION = YES;
				CLANG_WARN_COMMA = YES;
				CLANG_WARN_CONSTANT_CONVERSION = YES;
				CLANG_WARN_DEPRECATED_OBJC_IMPLEMENTATIONS = YES;
				CLANG_WARN_DIRECT_OBJC_ISA_USAGE = YES_ERROR;
				CLANG_WARN_DOCUMENTATION_COMMENTS = YES;
				CLANG_WARN_EMPTY_BODY = YES;
				CLANG_WARN_ENUM_CONVERSION = YES;
				CLANG_WARN_INFINITE_RECURSION = YES;
				CLANG_WARN_INT_CONVERSION = YES;
				CLANG_WARN_NON_LITERAL_NULL_CONVERSION = YES;
				CLANG_WARN_OBJC_IMPLICIT_RETAIN_SELF = YES;
				CLANG_WARN_OBJC_LITERAL_CONVERSION = YES;
				CLANG_WARN_OBJC_ROOT_CLASS = YES_ERROR;
				CLANG_WARN_QUOTED_INCLUDE_IN_FRAMEWORK_HEADER = YES;
				CLANG_WARN_RANGE_LOOP_ANALYSIS = YES;
				CLANG_WARN_STRICT_PROTOTYPES = YES;
				CLANG_WARN_SUSPICIOUS_MOVE = YES;
				CLANG_WARN_UNGUARDED_AVAILABILITY = YES_AGGRESSIVE;
				CLANG_WARN_UNREACHABLE_CODE = YES;
				CLANG_WARN__DUPLICATE_METHOD_MATCH = YES;
				COPY_PHASE_STRIP = NO;
				DEBUG_INFORMATION_FORMAT = "dwarf-with-dsym";
				ENABLE_NS_ASSERTIONS = NO;
				ENABLE_STRICT_OBJC_MSGSEND = YES;
				GCC_C_LANGUAGE_STANDARD = gnu11;
				GCC_NO_COMMON_BLOCKS = YES;
				GCC_WARN_64_TO_32_BIT_CONVERSION = YES;
				GCC_WARN_ABOUT_RETURN_TYPE = YES_ERROR;
				GCC_WARN_UNDECLARED_SELECTOR = YES;
				GCC_WARN_UNINITIALIZED_AUTOS = YES_AGGRESSIVE;
				GCC_WARN_UNUSED_FUNCTION = YES;
				GCC_WARN_UNUSED_VARIABLE = YES;
				IPHONEOS_DEPLOYMENT_TARGET = 16.2;
				MTL_ENABLE_DEBUG_INFO = NO;
				MTL_FAST_MATH = YES;
				SDKROOT = iphoneos;
				SWIFT_COMPILATION_MODE = wholemodule;
				SWIFT_OPTIMIZATION_LEVEL = "-O";
				VALIDATE_PRODUCT = YES;
			};
			name = Release;
		};
		40ED78CB29967A1F00EF36FF /* Debug */ = {
			isa = XCBuildConfiguration;
			baseConfigurationReference = 0D22220D1061987A6C7D6BC1 /* Pods-DiplomProject.debug.xcconfig */;
			buildSettings = {
				ASSETCATALOG_COMPILER_APPICON_NAME = AppIcon;
				ASSETCATALOG_COMPILER_GLOBAL_ACCENT_COLOR_NAME = AccentColor;
				CODE_SIGN_STYLE = Automatic;
				CURRENT_PROJECT_VERSION = 1;
				DEVELOPMENT_TEAM = 526TNP28LN;
				GENERATE_INFOPLIST_FILE = YES;
				INFOPLIST_FILE = DiplomProject/Info.plist;
				INFOPLIST_KEY_UIApplicationSupportsIndirectInputEvents = YES;
				INFOPLIST_KEY_UILaunchStoryboardName = LaunchScreen;
				INFOPLIST_KEY_UIMainStoryboardFile = Main;
				INFOPLIST_KEY_UISupportedInterfaceOrientations = UIInterfaceOrientationPortrait;
				LD_RUNPATH_SEARCH_PATHS = (
					"$(inherited)",
					"@executable_path/Frameworks",
				);
				MARKETING_VERSION = 1.0;
				PRODUCT_BUNDLE_IDENTIFIER = MolJ.DiplomProject;
				PRODUCT_NAME = "$(TARGET_NAME)";
				SWIFT_EMIT_LOC_STRINGS = YES;
				SWIFT_VERSION = 5.0;
				TARGETED_DEVICE_FAMILY = "1,2";
			};
			name = Debug;
		};
		40ED78CC29967A1F00EF36FF /* Release */ = {
			isa = XCBuildConfiguration;
			baseConfigurationReference = 1BCEA3B9967B63D600993E87 /* Pods-DiplomProject.release.xcconfig */;
			buildSettings = {
				ASSETCATALOG_COMPILER_APPICON_NAME = AppIcon;
				ASSETCATALOG_COMPILER_GLOBAL_ACCENT_COLOR_NAME = AccentColor;
				CODE_SIGN_STYLE = Automatic;
				CURRENT_PROJECT_VERSION = 1;
				DEVELOPMENT_TEAM = 526TNP28LN;
				GENERATE_INFOPLIST_FILE = YES;
				INFOPLIST_FILE = DiplomProject/Info.plist;
				INFOPLIST_KEY_UIApplicationSupportsIndirectInputEvents = YES;
				INFOPLIST_KEY_UILaunchStoryboardName = LaunchScreen;
				INFOPLIST_KEY_UIMainStoryboardFile = Main;
				INFOPLIST_KEY_UISupportedInterfaceOrientations = UIInterfaceOrientationPortrait;
				LD_RUNPATH_SEARCH_PATHS = (
					"$(inherited)",
					"@executable_path/Frameworks",
				);
				MARKETING_VERSION = 1.0;
				PRODUCT_BUNDLE_IDENTIFIER = MolJ.DiplomProject;
				PRODUCT_NAME = "$(TARGET_NAME)";
				SWIFT_EMIT_LOC_STRINGS = YES;
				SWIFT_VERSION = 5.0;
				TARGETED_DEVICE_FAMILY = "1,2";
			};
			name = Release;
		};
/* End XCBuildConfiguration section */

/* Begin XCConfigurationList section */
		40ED78B129967A1E00EF36FF /* Build configuration list for PBXProject "DiplomProject" */ = {
			isa = XCConfigurationList;
			buildConfigurations = (
				40ED78C829967A1F00EF36FF /* Debug */,
				40ED78C929967A1F00EF36FF /* Release */,
			);
			defaultConfigurationIsVisible = 0;
			defaultConfigurationName = Release;
		};
		40ED78CA29967A1F00EF36FF /* Build configuration list for PBXNativeTarget "DiplomProject" */ = {
			isa = XCConfigurationList;
			buildConfigurations = (
				40ED78CB29967A1F00EF36FF /* Debug */,
				40ED78CC29967A1F00EF36FF /* Release */,
			);
			defaultConfigurationIsVisible = 0;
			defaultConfigurationName = Release;
		};
/* End XCConfigurationList section */
	};
	rootObject = 40ED78AE29967A1E00EF36FF /* Project object */;
}
